
Microsoft Visual Studio Solution File, Format Version 12.00
# Visual Studio 15
VisualStudioVersion = 15.0.25807.0
MinimumVisualStudioVersion = 10.0.40219.1
Project("{FAE04EC0-301F-11D3-BF4B-00C04F79EFBC}") = "Core", "Core\Core.csproj", "{42EA4161-F339-4268-BCA9-DC2BA78C8A7A}"
EndProject
Project("{FAE04EC0-301F-11D3-BF4B-00C04F79EFBC}") = "Droid", "Droid\Droid.csproj", "{7CA104DA-9A0D-407E-AFCC-D6A6057B4E82}"
EndProject
Project("{FAE04EC0-301F-11D3-BF4B-00C04F79EFBC}") = "iOS", "iOS\iOS.csproj", "{583DB3C8-7EDB-4411-9E3B-8837CAC1CB4D}"
EndProject
Project("{FAE04EC0-301F-11D3-BF4B-00C04F79EFBC}") = "UWP", "UWP\UWP.csproj", "{B481FD53-560F-4F74-B4B0-23C491609C16}"
EndProject
Global
	GlobalSection(SolutionConfigurationPlatforms) = preSolution
		Debug|Any CPU = Debug|Any CPU
		Debug|ARM = Debug|ARM
		Debug|x64 = Debug|x64
		Debug|x86 = Debug|x86
		Release|Any CPU = Release|Any CPU
		Release|ARM = Release|ARM
		Release|x64 = Release|x64
		Release|x86 = Release|x86
	EndGlobalSection
	GlobalSection(ProjectConfigurationPlatforms) = postSolution
		{42EA4161-F339-4268-BCA9-DC2BA78C8A7A}.Debug|Any CPU.ActiveCfg = Debug|Any CPU
		{42EA4161-F339-4268-BCA9-DC2BA78C8A7A}.Debug|Any CPU.Build.0 = Debug|Any CPU
		{42EA4161-F339-4268-BCA9-DC2BA78C8A7A}.Debug|ARM.ActiveCfg = Debug|Any CPU
		{42EA4161-F339-4268-BCA9-DC2BA78C8A7A}.Debug|ARM.Build.0 = Debug|Any CPU
		{42EA4161-F339-4268-BCA9-DC2BA78C8A7A}.Debug|x64.ActiveCfg = Debug|Any CPU
		{42EA4161-F339-4268-BCA9-DC2BA78C8A7A}.Debug|x64.Build.0 = Debug|Any CPU
		{42EA4161-F339-4268-BCA9-DC2BA78C8A7A}.Debug|x86.ActiveCfg = Debug|Any CPU
		{42EA4161-F339-4268-BCA9-DC2BA78C8A7A}.Debug|x86.Build.0 = Debug|Any CPU
		{42EA4161-F339-4268-BCA9-DC2BA78C8A7A}.Release|Any CPU.ActiveCfg = Release|Any CPU
		{42EA4161-F339-4268-BCA9-DC2BA78C8A7A}.Release|Any CPU.Build.0 = Release|Any CPU
		{42EA4161-F339-4268-BCA9-DC2BA78C8A7A}.Release|ARM.ActiveCfg = Release|Any CPU
		{42EA4161-F339-4268-BCA9-DC2BA78C8A7A}.Release|ARM.Build.0 = Release|Any CPU
		{42EA4161-F339-4268-BCA9-DC2BA78C8A7A}.Release|x64.ActiveCfg = Release|Any CPU
		{42EA4161-F339-4268-BCA9-DC2BA78C8A7A}.Release|x64.Build.0 = Release|Any CPU
		{42EA4161-F339-4268-BCA9-DC2BA78C8A7A}.Release|x86.ActiveCfg = Release|Any CPU
		{42EA4161-F339-4268-BCA9-DC2BA78C8A7A}.Release|x86.Build.0 = Release|Any CPU
		{7CA104DA-9A0D-407E-AFCC-D6A6057B4E82}.Debug|Any CPU.ActiveCfg = Debug|Any CPU
		{7CA104DA-9A0D-407E-AFCC-D6A6057B4E82}.Debug|Any CPU.Build.0 = Debug|Any CPU
		{7CA104DA-9A0D-407E-AFCC-D6A6057B4E82}.Debug|ARM.ActiveCfg = Debug|Any CPU
		{7CA104DA-9A0D-407E-AFCC-D6A6057B4E82}.Debug|ARM.Build.0 = Debug|Any CPU
		{7CA104DA-9A0D-407E-AFCC-D6A6057B4E82}.Debug|x64.ActiveCfg = Debug|Any CPU
		{7CA104DA-9A0D-407E-AFCC-D6A6057B4E82}.Debug|x64.Build.0 = Debug|Any CPU
		{7CA104DA-9A0D-407E-AFCC-D6A6057B4E82}.Debug|x86.ActiveCfg = Debug|Any CPU
		{7CA104DA-9A0D-407E-AFCC-D6A6057B4E82}.Debug|x86.Build.0 = Debug|Any CPU
		{7CA104DA-9A0D-407E-AFCC-D6A6057B4E82}.Release|Any CPU.ActiveCfg = Release|Any CPU
		{7CA104DA-9A0D-407E-AFCC-D6A6057B4E82}.Release|Any CPU.Build.0 = Release|Any CPU
		{7CA104DA-9A0D-407E-AFCC-D6A6057B4E82}.Release|ARM.ActiveCfg = Release|Any CPU
		{7CA104DA-9A0D-407E-AFCC-D6A6057B4E82}.Release|ARM.Build.0 = Release|Any CPU
		{7CA104DA-9A0D-407E-AFCC-D6A6057B4E82}.Release|x64.ActiveCfg = Release|Any CPU
		{7CA104DA-9A0D-407E-AFCC-D6A6057B4E82}.Release|x64.Build.0 = Release|Any CPU
		{7CA104DA-9A0D-407E-AFCC-D6A6057B4E82}.Release|x86.ActiveCfg = Release|Any CPU
		{7CA104DA-9A0D-407E-AFCC-D6A6057B4E82}.Release|x86.Build.0 = Release|Any CPU
		{583DB3C8-7EDB-4411-9E3B-8837CAC1CB4D}.Debug|Any CPU.ActiveCfg = Debug|Any CPU
		{583DB3C8-7EDB-4411-9E3B-8837CAC1CB4D}.Debug|Any CPU.Build.0 = Debug|Any CPU
		{583DB3C8-7EDB-4411-9E3B-8837CAC1CB4D}.Debug|ARM.ActiveCfg = Debug|Any CPU
		{583DB3C8-7EDB-4411-9E3B-8837CAC1CB4D}.Debug|ARM.Build.0 = Debug|Any CPU
		{583DB3C8-7EDB-4411-9E3B-8837CAC1CB4D}.Debug|x64.ActiveCfg = Debug|Any CPU
		{583DB3C8-7EDB-4411-9E3B-8837CAC1CB4D}.Debug|x64.Build.0 = Debug|Any CPU
		{583DB3C8-7EDB-4411-9E3B-8837CAC1CB4D}.Debug|x86.ActiveCfg = Debug|Any CPU
		{583DB3C8-7EDB-4411-9E3B-8837CAC1CB4D}.Debug|x86.Build.0 = Debug|Any CPU
		{583DB3C8-7EDB-4411-9E3B-8837CAC1CB4D}.Release|Any CPU.ActiveCfg = Release|Any CPU
		{583DB3C8-7EDB-4411-9E3B-8837CAC1CB4D}.Release|Any CPU.Build.0 = Release|Any CPU
		{583DB3C8-7EDB-4411-9E3B-8837CAC1CB4D}.Release|ARM.ActiveCfg = Release|Any CPU
		{583DB3C8-7EDB-4411-9E3B-8837CAC1CB4D}.Release|ARM.Build.0 = Release|Any CPU
		{583DB3C8-7EDB-4411-9E3B-8837CAC1CB4D}.Release|x64.ActiveCfg = Release|Any CPU
		{583DB3C8-7EDB-4411-9E3B-8837CAC1CB4D}.Release|x64.Build.0 = Release|Any CPU
		{583DB3C8-7EDB-4411-9E3B-8837CAC1CB4D}.Release|x86.ActiveCfg = Release|Any CPU
		{583DB3C8-7EDB-4411-9E3B-8837CAC1CB4D}.Release|x86.Build.0 = Release|Any CPU
		{B481FD53-560F-4F74-B4B0-23C491609C16}.Debug|Any CPU.ActiveCfg = Debug|Any CPU
		{B481FD53-560F-4F74-B4B0-23C491609C16}.Debug|Any CPU.Build.0 = Debug|Any CPU
		{B481FD53-560F-4F74-B4B0-23C491609C16}.Debug|ARM.ActiveCfg = Debug|ARM
		{B481FD53-560F-4F74-B4B0-23C491609C16}.Debug|ARM.Build.0 = Debug|ARM
		{B481FD53-560F-4F74-B4B0-23C491609C16}.Debug|x64.ActiveCfg = Debug|x64
		{B481FD53-560F-4F74-B4B0-23C491609C16}.Debug|x64.Build.0 = Debug|x64
		{B481FD53-560F-4F74-B4B0-23C491609C16}.Debug|x86.ActiveCfg = Debug|x86
		{B481FD53-560F-4F74-B4B0-23C491609C16}.Debug|x86.Build.0 = Debug|x86
		{B481FD53-560F-4F74-B4B0-23C491609C16}.Release|Any CPU.ActiveCfg = Release|Any CPU
		{B481FD53-560F-4F74-B4B0-23C491609C16}.Release|Any CPU.Build.0 = Release|Any CPU
		{B481FD53-560F-4F74-B4B0-23C491609C16}.Release|ARM.ActiveCfg = Release|ARM
		{B481FD53-560F-4F74-B4B0-23C491609C16}.Release|ARM.Build.0 = Release|ARM
		{B481FD53-560F-4F74-B4B0-23C491609C16}.Release|x64.ActiveCfg = Release|x64
		{B481FD53-560F-4F74-B4B0-23C491609C16}.Release|x64.Build.0 = Release|x64
		{B481FD53-560F-4F74-B4B0-23C491609C16}.Release|x86.ActiveCfg = Release|x86
		{B481FD53-560F-4F74-B4B0-23C491609C16}.Release|x86.Build.0 = Release|x86
	EndGlobalSection
	GlobalSection(SolutionProperties) = preSolution
		HideSolutionNode = FALSE
	EndGlobalSection
EndGlobal
